<?xml version="1.0" encoding="utf-8"?>
<Project ToolsVersion="4.0" xmlns="http://schemas.microsoft.com/developer/msbuild/2003">
  <ItemGroup>
    <Filter Include="Source Files">
      <UniqueIdentifier>{4FC737F1-C7A5-4376-A066-2A32D752A2FF}</UniqueIdentifier>
      <Extensions>cpp;c;cc;cxx;c++;def;odl;idl;hpj;bat;asm;asmx</Extensions>
    </Filter>
    <Filter Include="Header Files">
      <UniqueIdentifier>{93995380-89BD-4b04-88EB-625FBE52EBFB}</UniqueIdentifier>
      <Extensions>h;hh;hpp;hxx;h++;hm;inl;inc;ipp;xsd</Extensions>
    </Filter>
    <Filter Include="Resource Files">
      <UniqueIdentifier>{67DA6AB6-F800-4c08-8B7A-83BB121AAD01}</UniqueIdentifier>
      <Extensions>rc;ico;cur;bmp;dlg;rc2;rct;bin;rgs;gif;jpg;jpeg;jpe;resx;tiff;tif;png;wav;mfcribbon-ms</Extensions>
    </Filter>
    <Filter Include="Header Files\imgui">
      <UniqueIdentifier>{6a6dcd34-6fd4-4b27-b348-3a36a0f414b1}</UniqueIdentifier>
    </Filter>
    <Filter Include="Header Files\Misc">
      <UniqueIdentifier>{9573f2e4-3dac-4c34-af46-ca23a62e99a5}</UniqueIdentifier>
    </Filter>
    <Filter Include="Source Files\ImGui">
      <UniqueIdentifier>{f82d844d-f4ba-47d7-b878-ce287e303e4f}</UniqueIdentifier>
    </Filter>
    <Filter Include="Header Files\TDAPI">
      <UniqueIdentifier>{5e636a36-fe0b-42ef-90c1-ea394ebb5f73}</UniqueIdentifier>
    </Filter>
    <Filter Include="Source Files\TDAPI">
      <UniqueIdentifier>{1f5f57c9-69f3-497a-a489-eabd135b80cb}</UniqueIdentifier>
    </Filter>
    <Filter Include="Header Files\Mods">
      <UniqueIdentifier>{2f4f7e63-804d-4490-ae31-32ed4fa571d3}</UniqueIdentifier>
    </Filter>
    <Filter Include="Source Files\Mods">
      <UniqueIdentifier>{d62f6227-a411-4521-8f9e-59777245d2fa}</UniqueIdentifier>
    </Filter>
    <Filter Include="Source Files\misc">
      <UniqueIdentifier>{de68cac9-28c1-4841-b1fc-2cd1f4641cdf}</UniqueIdentifier>
    </Filter>
  </ItemGroup>
  <ItemGroup>
    <ClInclude Include="mem.h">
      <Filter>Header Files</Filter>
    </ClInclude>
    <ClInclude Include="types.h">
      <Filter>Header Files</Filter>
    </ClInclude>
    <ClInclude Include="imgui\imgui.h">
      <Filter>Header Files\imgui</Filter>
    </ClInclude>
    <ClInclude Include="imgui\imgui_impl_opengl3.h">
      <Filter>Header Files\imgui</Filter>
    </ClInclude>
    <ClInclude Include="imgui\imgui_impl_win32.h">
      <Filter>Header Files\imgui</Filter>
    </ClInclude>
    <ClInclude Include="imgui\imgui_internal.h">
      <Filter>Header Files\imgui</Filter>
    </ClInclude>
    <ClInclude Include="imgui\imstb_rectpack.h">
      <Filter>Header Files\imgui</Filter>
    </ClInclude>
    <ClInclude Include="imgui\imstb_textedit.h">
      <Filter>Header Files\imgui</Filter>
    </ClInclude>
    <ClInclude Include="imgui\imstb_truetype.h">
      <Filter>Header Files\imgui</Filter>
    </ClInclude>
    <ClInclude Include="imgui\imconfig.h">
      <Filter>Header Files\imgui</Filter>
    </ClInclude>
    <ClInclude Include="framework.h">
      <Filter>Header Files\Misc</Filter>
    </ClInclude>
    <ClInclude Include="detours.h">
      <Filter>Header Files\Misc</Filter>
    </ClInclude>
    <ClInclude Include="detver.h">
      <Filter>Header Files\Misc</Filter>
    </ClInclude>
    <ClInclude Include="Global.h">
      <Filter>Header Files</Filter>
    </ClInclude>
    <ClInclude Include="swapBuffers.h">
      <Filter>Header Files</Filter>
    </ClInclude>
    <ClInclude Include="TDFuncs.h">
      <Filter>Header Files\TDAPI</Filter>
    </ClInclude>
    <ClInclude Include="TDObjects.h">
      <Filter>Header Files\TDAPI</Filter>
    </ClInclude>
    <ClInclude Include="Raycaster.h">
      <Filter>Header Files\TDAPI</Filter>
    </ClInclude>
    <ClInclude Include="Jetpack.h">
      <Filter>Header Files\Mods</Filter>
    </ClInclude>
    <ClInclude Include="Mods.h">
      <Filter>Header Files\Mods</Filter>
    </ClInclude>
    <ClInclude Include="Flamethrower.h">
      <Filter>Header Files\Mods</Filter>
    </ClInclude>
    <ClInclude Include="drawCube.h">
      <Filter>Header Files\TDAPI</Filter>
    </ClInclude>
    <ClInclude Include="objectSpawner.h">
      <Filter>Header Files\Mods</Filter>
    </ClInclude>
    <ClInclude Include="hookTests.h">
      <Filter>Header Files\Mods</Filter>
    </ClInclude>
    <ClInclude Include="godmode.h">
      <Filter>Header Files\Mods</Filter>
    </ClInclude>
    <ClInclude Include="cutter.h">
      <Filter>Header Files\Mods</Filter>
    </ClInclude>
    <ClInclude Include="stb_image.h">
      <Filter>Header Files\Misc</Filter>
    </ClInclude>
    <ClInclude Include="maths.h">
      <Filter>Header Files\Misc</Filter>
    </ClInclude>
    <ClInclude Include="noclip.h">
      <Filter>Header Files\Mods</Filter>
    </ClInclude>
    <ClInclude Include="c4.h">
      <Filter>Header Files\Mods</Filter>
    </ClInclude>
    <ClInclude Include="mainHook.h">
      <Filter>Header Files</Filter>
    </ClInclude>
    <ClInclude Include="camera.h">
      <Filter>Header Files\Mods</Filter>
    </ClInclude>
    <ClInclude Include="toolgun.h">
      <Filter>Header Files\Mods</Filter>
    </ClInclude>
    <ClInclude Include="lantern.h">
      <Filter>Header Files\Mods</Filter>
    </ClInclude>
    <ClInclude Include="envOptions.h">
      <Filter>Header Files\Mods</Filter>
    </ClInclude>
    <ClInclude Include="miscPatches.h">
      <Filter>Header Files</Filter>
    </ClInclude>
    <ClInclude Include="movementLoop.h">
      <Filter>Header Files</Filter>
    </ClInclude>
    <ClInclude Include="missileLauncher.h">
      <Filter>Header Files\Mods</Filter>
    </ClInclude>
    <ClInclude Include="memhandler.h">
      <Filter>Header Files</Filter>
    </ClInclude>
  </ItemGroup>
  <ItemGroup>
    <ClCompile Include="dllmain.cpp">
      <Filter>Source Files</Filter>
    </ClCompile>
    <ClCompile Include="mem.cpp">
      <Filter>Source Files</Filter>
    </ClCompile>
    <ClCompile Include="imgui\imgui.cpp">
      <Filter>Source Files\ImGui</Filter>
    </ClCompile>
    <ClCompile Include="imgui\imgui_demo.cpp">
      <Filter>Source Files\ImGui</Filter>
    </ClCompile>
    <ClCompile Include="imgui\imgui_draw.cpp">
      <Filter>Source Files\ImGui</Filter>
    </ClCompile>
    <ClCompile Include="imgui\imgui_impl_opengl3.cpp">
      <Filter>Source Files\ImGui</Filter>
    </ClCompile>
    <ClCompile Include="imgui\imgui_impl_win32.cpp">
      <Filter>Source Files\ImGui</Filter>
    </ClCompile>
    <ClCompile Include="imgui\imgui_widgets.cpp">
      <Filter>Source Files\ImGui</Filter>
    </ClCompile>
    <ClCompile Include="swapBuffers.cpp">
      <Filter>Source Files</Filter>
    </ClCompile>
    <ClCompile Include="Global.cpp">
      <Filter>Source Files</Filter>
    </ClCompile>
    <ClCompile Include="TDFuncs.cpp">
      <Filter>Source Files\TDAPI</Filter>
    </ClCompile>
    <ClCompile Include="TDObjects.cpp">
      <Filter>Source Files\TDAPI</Filter>
    </ClCompile>
    <ClCompile Include="Raycaster.cpp">
      <Filter>Source Files\TDAPI</Filter>
    </ClCompile>
    <ClCompile Include="Jetpack.cpp">
      <Filter>Source Files\Mods</Filter>
    </ClCompile>
    <ClCompile Include="Mods.cpp">
      <Filter>Source Files\Mods</Filter>
    </ClCompile>
    <ClCompile Include="Flamethrower.cpp">
      <Filter>Source Files\Mods</Filter>
    </ClCompile>
    <ClCompile Include="drawCube.cpp">
      <Filter>Source Files\TDAPI</Filter>
    </ClCompile>
    <ClCompile Include="objectSpawner.cpp">
      <Filter>Source Files\Mods</Filter>
    </ClCompile>
    <ClCompile Include="hookTests.cpp">
      <Filter>Source Files\Mods</Filter>
    </ClCompile>
    <ClCompile Include="godmode.cpp">
      <Filter>Source Files\Mods</Filter>
    </ClCompile>
    <ClCompile Include="cutter.cpp">
      <Filter>Source Files\Mods</Filter>
    </ClCompile>
    <ClCompile Include="maths.cpp">
      <Filter>Source Files\misc</Filter>
    </ClCompile>
    <ClCompile Include="noclip.cpp">
      <Filter>Source Files\Mods</Filter>
    </ClCompile>
    <ClCompile Include="c4.cpp">
      <Filter>Source Files\Mods</Filter>
    </ClCompile>
    <ClCompile Include="mainHook.cpp">
      <Filter>Source Files\Mods</Filter>
    </ClCompile>
    <ClCompile Include="camera.cpp">
      <Filter>Source Files\Mods</Filter>
    </ClCompile>
    <ClCompile Include="toolgun.cpp">
      <Filter>Source Files\Mods</Filter>
    </ClCompile>
    <ClCompile Include="lantern.cpp">
      <Filter>Source Files\Mods</Filter>
    </ClCompile>
    <ClCompile Include="envOptions.cpp">
      <Filter>Source Files\Mods</Filter>
    </ClCompile>
    <ClCompile Include="miscPatches.cpp">
      <Filter>Source Files</Filter>
    </ClCompile>
    <ClCompile Include="movementLoop.cpp">
      <Filter>Source Files</Filter>
    </ClCompile>
    <ClCompile Include="missileLauncher.cpp">
      <Filter>Source Files\Mods</Filter>
    </ClCompile>
    <ClCompile Include="types.cpp">
      <Filter>Source Files</Filter>
    </ClCompile>
    <ClCompile Include="memhandler.cpp">
      <Filter>Source Files</Filter>
    </ClCompile>
  </ItemGroup>
</Project>